
Microsoft Visual Studio Solution File, Format Version 12.00
# Visual Studio Version 16
VisualStudioVersion = 16.0.30330.147
MinimumVisualStudioVersion = 10.0.40219.1
Project("{FAE04EC0-301F-11D3-BF4B-00C04F79EFBC}") = "Element", "Element\Element.csproj", "{AC0B7E9B-2890-4503-A6CD-EBFC50524564}"
EndProject
Global
	GlobalSection(SolutionConfigurationPlatforms) = preSolution
		Debug|Any CPU = Debug|Any CPU
		Release|Any CPU = Release|Any CPU
	EndGlobalSection
	GlobalSection(ProjectConfigurationPlatforms) = postSolution
		{AC0B7E9B-2890-4503-A6CD-EBFC50524564}.Debug|Any CPU.ActiveCfg = Debug|Any CPU
		{AC0B7E9B-2890-4503-A6CD-EBFC50524564}.Debug|Any CPU.Build.0 = Debug|Any CPU
		{AC0B7E9B-2890-4503-A6CD-EBFC50524564}.Release|Any CPU.ActiveCfg = Release|Any CPU
		{AC0B7E9B-2890-4503-A6CD-EBFC50524564}.Release|Any CPU.Build.0 = Release|Any CPU
	EndGlobalSection
	GlobalSection(SolutionProperties) = preSolution
		HideSolutionNode = FALSE
	EndGlobalSection
	GlobalSection(ExtensibilityGlobals) = postSolution
		SolutionGuid = {C09F530C-78EE-4BEF-B3F2-B149DA41745D}
	EndGlobalSection
EndGlobal
